// !$*UTF8*$!
{
	archiveVersion = 1;
	classes = {
	};
	objectVersion = 56;
	objects = {

/* Begin PBXBuildFile section */
		8C0D39C82AFFF43800156654 /* WorkoutCard.swift in Sources */ = {isa = PBXBuildFile; fileRef = 8C0D39C72AFFF43800156654 /* WorkoutCard.swift */; };
		8C1880102B617B61007F2E4E /* SummarizingViewViewModel.swift in Sources */ = {isa = PBXBuildFile; fileRef = 8C18800F2B617B61007F2E4E /* SummarizingViewViewModel.swift */; };
		8C1880152B643B85007F2E4E /* FirebaseMenager.swift in Sources */ = {isa = PBXBuildFile; fileRef = 8C1880142B643B85007F2E4E /* FirebaseMenager.swift */; };
		8C1A77512B334EB500C92494 /* WorkoutInformation.swift in Sources */ = {isa = PBXBuildFile; fileRef = 8C1A77502B334EB500C92494 /* WorkoutInformation.swift */; };
		8C1A77552B33529A00C92494 /* NewWorkoutView.swift in Sources */ = {isa = PBXBuildFile; fileRef = 8C1A77542B33529A00C92494 /* NewWorkoutView.swift */; };
		8C1A77592B3353E800C92494 /* NewWorkoutViewViewModel.swift in Sources */ = {isa = PBXBuildFile; fileRef = 8C1A77582B3353E800C92494 /* NewWorkoutViewViewModel.swift */; };
		8C3008FF2B4E157800512308 /* ExerciseViewWithoutButtonView.swift in Sources */ = {isa = PBXBuildFile; fileRef = 8C3008FE2B4E157800512308 /* ExerciseViewWithoutButtonView.swift */; };
		8C3E899C2B67F501008D920C /* Summary.swift in Sources */ = {isa = PBXBuildFile; fileRef = 8C3E899B2B67F501008D920C /* Summary.swift */; };
		8C4966F62B5EEA1A00B18AC9 /* ExerciseFieldViewModel.swift in Sources */ = {isa = PBXBuildFile; fileRef = 8C4966F52B5EEA1A00B18AC9 /* ExerciseFieldViewModel.swift */; };
		8C4966F82B5EEADD00B18AC9 /* ExeModel.swift in Sources */ = {isa = PBXBuildFile; fileRef = 8C4966F72B5EEADD00B18AC9 /* ExeModel.swift */; };
		8C4CBDC72ABEFB03008C92D0 /* fitappApp.swift in Sources */ = {isa = PBXBuildFile; fileRef = 8C4CBDC62ABEFB03008C92D0 /* fitappApp.swift */; };
		8C4CBDCB2ABEFB04008C92D0 /* Assets.xcassets in Resources */ = {isa = PBXBuildFile; fileRef = 8C4CBDCA2ABEFB04008C92D0 /* Assets.xcassets */; };
		8C4CBDCE2ABEFB04008C92D0 /* Preview Assets.xcassets in Resources */ = {isa = PBXBuildFile; fileRef = 8C4CBDCD2ABEFB04008C92D0 /* Preview Assets.xcassets */; };
		8C4CBDD82ABEFB04008C92D0 /* fitappTests.swift in Sources */ = {isa = PBXBuildFile; fileRef = 8C4CBDD72ABEFB04008C92D0 /* fitappTests.swift */; };
		8C4CBDE22ABEFB04008C92D0 /* fitappUITests.swift in Sources */ = {isa = PBXBuildFile; fileRef = 8C4CBDE12ABEFB04008C92D0 /* fitappUITests.swift */; };
		8C4CBDE42ABEFB04008C92D0 /* fitappUITestsLaunchTests.swift in Sources */ = {isa = PBXBuildFile; fileRef = 8C4CBDE32ABEFB04008C92D0 /* fitappUITestsLaunchTests.swift */; };
		8C52A9012ADF1EE1009271E0 /* WorkoutListViewViewModel.swift in Sources */ = {isa = PBXBuildFile; fileRef = 8C52A9002ADF1EE0009271E0 /* WorkoutListViewViewModel.swift */; };
		8C52A9032ADF1F04009271E0 /* ExerciseListViewModel.swift in Sources */ = {isa = PBXBuildFile; fileRef = 8C52A9022ADF1F04009271E0 /* ExerciseListViewModel.swift */; };
		8C52A9052ADF1F20009271E0 /* MainViewViewModel.swift in Sources */ = {isa = PBXBuildFile; fileRef = 8C52A9042ADF1F1F009271E0 /* MainViewViewModel.swift */; };
		8C52A9072ADF1F4C009271E0 /* BmiCalculatorViewModel.swift in Sources */ = {isa = PBXBuildFile; fileRef = 8C52A9062ADF1F4C009271E0 /* BmiCalculatorViewModel.swift */; };
		8C65FB4E2B0141B00001AC2E /* LoginView.swift in Sources */ = {isa = PBXBuildFile; fileRef = 8C65FB4D2B0141B00001AC2E /* LoginView.swift */; };
		8C65FB502B014D460001AC2E /* GoogleService-Info.plist in Resources */ = {isa = PBXBuildFile; fileRef = 8C65FB4F2B014D450001AC2E /* GoogleService-Info.plist */; };
		8C65FB542B014EC50001AC2E /* FirebaseAuth in Frameworks */ = {isa = PBXBuildFile; productRef = 8C65FB532B014EC50001AC2E /* FirebaseAuth */; };
		8C65FB562B014EC50001AC2E /* FirebaseFirestore in Frameworks */ = {isa = PBXBuildFile; productRef = 8C65FB552B014EC50001AC2E /* FirebaseFirestore */; };
		8C65FB582B014EC50001AC2E /* FirebaseFirestoreSwift in Frameworks */ = {isa = PBXBuildFile; productRef = 8C65FB572B014EC50001AC2E /* FirebaseFirestoreSwift */; };
		8C7B5E092B0E691A005C6C7F /* Exercise.swift in Sources */ = {isa = PBXBuildFile; fileRef = 8C7B5E082B0E691A005C6C7F /* Exercise.swift */; };
		8C86E8682B0FBA66006B8582 /* SummaryView.swift in Sources */ = {isa = PBXBuildFile; fileRef = 8C86E8672B0FBA66006B8582 /* SummaryView.swift */; };
		8C8F097D2B512A67003188FD /* OverviewView.swift in Sources */ = {isa = PBXBuildFile; fileRef = 8C8F097C2B512A67003188FD /* OverviewView.swift */; };
		8CA0011F2B07CDE400DBB614 /* TLButton.swift in Sources */ = {isa = PBXBuildFile; fileRef = 8CA0011E2B07CDE400DBB614 /* TLButton.swift */; };
		8CA001212B07D4FE00DBB614 /* LoginViewViewModel.swift in Sources */ = {isa = PBXBuildFile; fileRef = 8CA001202B07D4FE00DBB614 /* LoginViewViewModel.swift */; };
		8CA001252B07DBAA00DBB614 /* RegisterViewViewModel.swift in Sources */ = {isa = PBXBuildFile; fileRef = 8CA001242B07DBAA00DBB614 /* RegisterViewViewModel.swift */; };
		8CA001272B07DF1900DBB614 /* user.swift in Sources */ = {isa = PBXBuildFile; fileRef = 8CA001262B07DF1900DBB614 /* user.swift */; };
		8CA0012A2B07E0EF00DBB614 /* Extensions.swift in Sources */ = {isa = PBXBuildFile; fileRef = 8CA001292B07E0EF00DBB614 /* Extensions.swift */; };
		8CB276382B32463000601B16 /* WorkoutCardViewViewModel.swift in Sources */ = {isa = PBXBuildFile; fileRef = 8CB276372B32463000601B16 /* WorkoutCardViewViewModel.swift */; };
		8CBD79092B572D73004DDFD9 /* OverViewVIewModel.swift in Sources */ = {isa = PBXBuildFile; fileRef = 8CBD79082B572D73004DDFD9 /* OverViewVIewModel.swift */; };
		8CCADAE92B06D1F30019267B /* HeaderView.swift in Sources */ = {isa = PBXBuildFile; fileRef = 8CCADAE82B06D1F30019267B /* HeaderView.swift */; };
		8CCADAEB2B06D5730019267B /* RegisterView.swift in Sources */ = {isa = PBXBuildFile; fileRef = 8CCADAEA2B06D5730019267B /* RegisterView.swift */; };
		8CCE49882ADC82F300F51897 /* BmiCalculator.swift in Sources */ = {isa = PBXBuildFile; fileRef = 8CCE49872ADC82F300F51897 /* BmiCalculator.swift */; };
		8CCE498A2ADC831A00F51897 /* ExerciseListView.swift in Sources */ = {isa = PBXBuildFile; fileRef = 8CCE49892ADC831A00F51897 /* ExerciseListView.swift */; };
		8CCE498F2ADC83FC00F51897 /* WorkoutsListView.swift in Sources */ = {isa = PBXBuildFile; fileRef = 8CCE498E2ADC83FC00F51897 /* WorkoutsListView.swift */; };
		8CCE49912ADC840D00F51897 /* MainView.swift in Sources */ = {isa = PBXBuildFile; fileRef = 8CCE49902ADC840D00F51897 /* MainView.swift */; };
		8CEA99E22B4B3EF500821AD1 /* ExerciseFieldView.swift in Sources */ = {isa = PBXBuildFile; fileRef = 8CEA99E12B4B3EF500821AD1 /* ExerciseFieldView.swift */; };
		8CEA99E42B4B44E300821AD1 /* ExerciseFieldRepsKGView.swift in Sources */ = {isa = PBXBuildFile; fileRef = 8CEA99E32B4B44E300821AD1 /* ExerciseFieldRepsKGView.swift */; };
		8CEE0AF52B45C3C00088EA9B /* WorkoutOverviewView.swift in Sources */ = {isa = PBXBuildFile; fileRef = 8CEE0AF42B45C3C00088EA9B /* WorkoutOverviewView.swift */; };
		8CEE0AF72B45C7A70088EA9B /* ExerciseInfromationView.swift in Sources */ = {isa = PBXBuildFile; fileRef = 8CEE0AF62B45C7A70088EA9B /* ExerciseInfromationView.swift */; };
		8CFBCA972AE05DEF001AC6A2 /* SettingsView.swift in Sources */ = {isa = PBXBuildFile; fileRef = 8CFBCA962AE05DEF001AC6A2 /* SettingsView.swift */; };
		8CFBCA9A2AE05E03001AC6A2 /* ProfileViewModel.swift in Sources */ = {isa = PBXBuildFile; fileRef = 8CFBCA992AE05E03001AC6A2 /* ProfileViewModel.swift */; };
/* End PBXBuildFile section */

/* Begin PBXContainerItemProxy section */
		8C4CBDD42ABEFB04008C92D0 /* PBXContainerItemProxy */ = {
			isa = PBXContainerItemProxy;
			containerPortal = 8C4CBDBB2ABEFB03008C92D0 /* Project object */;
			proxyType = 1;
			remoteGlobalIDString = 8C4CBDC22ABEFB03008C92D0;
			remoteInfo = fitapp;
		};
		8C4CBDDE2ABEFB04008C92D0 /* PBXContainerItemProxy */ = {
			isa = PBXContainerItemProxy;
			containerPortal = 8C4CBDBB2ABEFB03008C92D0 /* Project object */;
			proxyType = 1;
			remoteGlobalIDString = 8C4CBDC22ABEFB03008C92D0;
			remoteInfo = fitapp;
		};
/* End PBXContainerItemProxy section */

/* Begin PBXFileReference section */
		8C0D39C72AFFF43800156654 /* WorkoutCard.swift */ = {isa = PBXFileReference; lastKnownFileType = sourcecode.swift; path = WorkoutCard.swift; sourceTree = "<group>"; };
		8C18800F2B617B61007F2E4E /* SummarizingViewViewModel.swift */ = {isa = PBXFileReference; lastKnownFileType = sourcecode.swift; path = SummarizingViewViewModel.swift; sourceTree = "<group>"; };
		8C1880142B643B85007F2E4E /* FirebaseMenager.swift */ = {isa = PBXFileReference; lastKnownFileType = sourcecode.swift; path = FirebaseMenager.swift; sourceTree = "<group>"; };
		8C1A77502B334EB500C92494 /* WorkoutInformation.swift */ = {isa = PBXFileReference; lastKnownFileType = sourcecode.swift; path = WorkoutInformation.swift; sourceTree = "<group>"; };
		8C1A77542B33529A00C92494 /* NewWorkoutView.swift */ = {isa = PBXFileReference; lastKnownFileType = sourcecode.swift; path = NewWorkoutView.swift; sourceTree = "<group>"; };
		8C1A77582B3353E800C92494 /* NewWorkoutViewViewModel.swift */ = {isa = PBXFileReference; lastKnownFileType = sourcecode.swift; path = NewWorkoutViewViewModel.swift; sourceTree = "<group>"; };
		8C3008FE2B4E157800512308 /* ExerciseViewWithoutButtonView.swift */ = {isa = PBXFileReference; lastKnownFileType = sourcecode.swift; path = ExerciseViewWithoutButtonView.swift; sourceTree = "<group>"; };
		8C3E899B2B67F501008D920C /* Summary.swift */ = {isa = PBXFileReference; lastKnownFileType = sourcecode.swift; path = Summary.swift; sourceTree = "<group>"; };
		8C4966F52B5EEA1A00B18AC9 /* ExerciseFieldViewModel.swift */ = {isa = PBXFileReference; lastKnownFileType = sourcecode.swift; path = ExerciseFieldViewModel.swift; sourceTree = "<group>"; };
		8C4966F72B5EEADD00B18AC9 /* ExeModel.swift */ = {isa = PBXFileReference; lastKnownFileType = sourcecode.swift; path = ExeModel.swift; sourceTree = "<group>"; };
		8C4CBDC32ABEFB03008C92D0 /* fitapp.app */ = {isa = PBXFileReference; explicitFileType = wrapper.application; includeInIndex = 0; path = fitapp.app; sourceTree = BUILT_PRODUCTS_DIR; };
		8C4CBDC62ABEFB03008C92D0 /* fitappApp.swift */ = {isa = PBXFileReference; lastKnownFileType = sourcecode.swift; path = fitappApp.swift; sourceTree = "<group>"; };
		8C4CBDCA2ABEFB04008C92D0 /* Assets.xcassets */ = {isa = PBXFileReference; lastKnownFileType = folder.assetcatalog; path = Assets.xcassets; sourceTree = "<group>"; };
		8C4CBDCD2ABEFB04008C92D0 /* Preview Assets.xcassets */ = {isa = PBXFileReference; lastKnownFileType = folder.assetcatalog; path = "Preview Assets.xcassets"; sourceTree = "<group>"; };
		8C4CBDD32ABEFB04008C92D0 /* fitappTests.xctest */ = {isa = PBXFileReference; explicitFileType = wrapper.cfbundle; includeInIndex = 0; path = fitappTests.xctest; sourceTree = BUILT_PRODUCTS_DIR; };
		8C4CBDD72ABEFB04008C92D0 /* fitappTests.swift */ = {isa = PBXFileReference; lastKnownFileType = sourcecode.swift; path = fitappTests.swift; sourceTree = "<group>"; };
		8C4CBDDD2ABEFB04008C92D0 /* fitappUITests.xctest */ = {isa = PBXFileReference; explicitFileType = wrapper.cfbundle; includeInIndex = 0; path = fitappUITests.xctest; sourceTree = BUILT_PRODUCTS_DIR; };
		8C4CBDE12ABEFB04008C92D0 /* fitappUITests.swift */ = {isa = PBXFileReference; lastKnownFileType = sourcecode.swift; path = fitappUITests.swift; sourceTree = "<group>"; };
		8C4CBDE32ABEFB04008C92D0 /* fitappUITestsLaunchTests.swift */ = {isa = PBXFileReference; lastKnownFileType = sourcecode.swift; path = fitappUITestsLaunchTests.swift; sourceTree = "<group>"; };
		8C52A9002ADF1EE0009271E0 /* WorkoutListViewViewModel.swift */ = {isa = PBXFileReference; lastKnownFileType = sourcecode.swift; path = WorkoutListViewViewModel.swift; sourceTree = "<group>"; };
		8C52A9022ADF1F04009271E0 /* ExerciseListViewModel.swift */ = {isa = PBXFileReference; lastKnownFileType = sourcecode.swift; path = ExerciseListViewModel.swift; sourceTree = "<group>"; };
		8C52A9042ADF1F1F009271E0 /* MainViewViewModel.swift */ = {isa = PBXFileReference; lastKnownFileType = sourcecode.swift; path = MainViewViewModel.swift; sourceTree = "<group>"; };
		8C52A9062ADF1F4C009271E0 /* BmiCalculatorViewModel.swift */ = {isa = PBXFileReference; lastKnownFileType = sourcecode.swift; path = BmiCalculatorViewModel.swift; sourceTree = "<group>"; };
		8C65FB4D2B0141B00001AC2E /* LoginView.swift */ = {isa = PBXFileReference; lastKnownFileType = sourcecode.swift; path = LoginView.swift; sourceTree = "<group>"; };
		8C65FB4F2B014D450001AC2E /* GoogleService-Info.plist */ = {isa = PBXFileReference; fileEncoding = 4; lastKnownFileType = text.plist.xml; path = "GoogleService-Info.plist"; sourceTree = "<group>"; };
		8C65FB512B014D4C0001AC2E /* strength+to+overcome+exercise+database+1.1.xlsx */ = {isa = PBXFileReference; lastKnownFileType = file; path = "strength+to+overcome+exercise+database+1.1.xlsx"; sourceTree = "<group>"; };
		8C7B5E082B0E691A005C6C7F /* Exercise.swift */ = {isa = PBXFileReference; lastKnownFileType = sourcecode.swift; path = Exercise.swift; sourceTree = "<group>"; };
		8C86E8672B0FBA66006B8582 /* SummaryView.swift */ = {isa = PBXFileReference; lastKnownFileType = sourcecode.swift; path = SummaryView.swift; sourceTree = "<group>"; };
		8C8F097C2B512A67003188FD /* OverviewView.swift */ = {isa = PBXFileReference; lastKnownFileType = sourcecode.swift; path = OverviewView.swift; sourceTree = "<group>"; };
		8CA0011E2B07CDE400DBB614 /* TLButton.swift */ = {isa = PBXFileReference; lastKnownFileType = sourcecode.swift; path = TLButton.swift; sourceTree = "<group>"; };
		8CA001202B07D4FE00DBB614 /* LoginViewViewModel.swift */ = {isa = PBXFileReference; lastKnownFileType = sourcecode.swift; path = LoginViewViewModel.swift; sourceTree = "<group>"; };
		8CA001242B07DBAA00DBB614 /* RegisterViewViewModel.swift */ = {isa = PBXFileReference; lastKnownFileType = sourcecode.swift; path = RegisterViewViewModel.swift; sourceTree = "<group>"; };
		8CA001262B07DF1900DBB614 /* user.swift */ = {isa = PBXFileReference; lastKnownFileType = sourcecode.swift; path = user.swift; sourceTree = "<group>"; };
		8CA001292B07E0EF00DBB614 /* Extensions.swift */ = {isa = PBXFileReference; lastKnownFileType = sourcecode.swift; path = Extensions.swift; sourceTree = "<group>"; };
		8CB276372B32463000601B16 /* WorkoutCardViewViewModel.swift */ = {isa = PBXFileReference; lastKnownFileType = sourcecode.swift; path = WorkoutCardViewViewModel.swift; sourceTree = "<group>"; };
		8CBD79082B572D73004DDFD9 /* OverViewVIewModel.swift */ = {isa = PBXFileReference; lastKnownFileType = sourcecode.swift; path = OverViewVIewModel.swift; sourceTree = "<group>"; };
		8CCADAE82B06D1F30019267B /* HeaderView.swift */ = {isa = PBXFileReference; lastKnownFileType = sourcecode.swift; path = HeaderView.swift; sourceTree = "<group>"; };
		8CCADAEA2B06D5730019267B /* RegisterView.swift */ = {isa = PBXFileReference; lastKnownFileType = sourcecode.swift; path = RegisterView.swift; sourceTree = "<group>"; };
		8CCE49872ADC82F300F51897 /* BmiCalculator.swift */ = {isa = PBXFileReference; lastKnownFileType = sourcecode.swift; path = BmiCalculator.swift; sourceTree = "<group>"; };
		8CCE49892ADC831A00F51897 /* ExerciseListView.swift */ = {isa = PBXFileReference; lastKnownFileType = sourcecode.swift; path = ExerciseListView.swift; sourceTree = "<group>"; };
		8CCE498E2ADC83FC00F51897 /* WorkoutsListView.swift */ = {isa = PBXFileReference; lastKnownFileType = sourcecode.swift; path = WorkoutsListView.swift; sourceTree = "<group>"; };
		8CCE49902ADC840D00F51897 /* MainView.swift */ = {isa = PBXFileReference; lastKnownFileType = sourcecode.swift; path = MainView.swift; sourceTree = "<group>"; };
		8CEA99E12B4B3EF500821AD1 /* ExerciseFieldView.swift */ = {isa = PBXFileReference; lastKnownFileType = sourcecode.swift; path = ExerciseFieldView.swift; sourceTree = "<group>"; };
		8CEA99E32B4B44E300821AD1 /* ExerciseFieldRepsKGView.swift */ = {isa = PBXFileReference; lastKnownFileType = sourcecode.swift; path = ExerciseFieldRepsKGView.swift; sourceTree = "<group>"; };
		8CEE0AF42B45C3C00088EA9B /* WorkoutOverviewView.swift */ = {isa = PBXFileReference; lastKnownFileType = sourcecode.swift; path = WorkoutOverviewView.swift; sourceTree = "<group>"; };
		8CEE0AF62B45C7A70088EA9B /* ExerciseInfromationView.swift */ = {isa = PBXFileReference; lastKnownFileType = sourcecode.swift; path = ExerciseInfromationView.swift; sourceTree = "<group>"; };
		8CFBCA962AE05DEF001AC6A2 /* SettingsView.swift */ = {isa = PBXFileReference; lastKnownFileType = sourcecode.swift; path = SettingsView.swift; sourceTree = "<group>"; };
		8CFBCA992AE05E03001AC6A2 /* ProfileViewModel.swift */ = {isa = PBXFileReference; lastKnownFileType = sourcecode.swift; path = ProfileViewModel.swift; sourceTree = "<group>"; };
/* End PBXFileReference section */

/* Begin PBXFrameworksBuildPhase section */
		8C4CBDC02ABEFB03008C92D0 /* Frameworks */ = {
			isa = PBXFrameworksBuildPhase;
			buildActionMask = 2147483647;
			files = (
				8C65FB542B014EC50001AC2E /* FirebaseAuth in Frameworks */,
				8C65FB562B014EC50001AC2E /* FirebaseFirestore in Frameworks */,
				8C65FB582B014EC50001AC2E /* FirebaseFirestoreSwift in Frameworks */,
			);
			runOnlyForDeploymentPostprocessing = 0;
		};
		8C4CBDD02ABEFB04008C92D0 /* Frameworks */ = {
			isa = PBXFrameworksBuildPhase;
			buildActionMask = 2147483647;
			files = (
			);
			runOnlyForDeploymentPostprocessing = 0;
		};
		8C4CBDDA2ABEFB04008C92D0 /* Frameworks */ = {
			isa = PBXFrameworksBuildPhase;
			buildActionMask = 2147483647;
			files = (
			);
			runOnlyForDeploymentPostprocessing = 0;
		};
/* End PBXFrameworksBuildPhase section */

/* Begin PBXGroup section */
		8C1880112B643855007F2E4E /* FireStore */ = {
			isa = PBXGroup;
			children = (
				8C1880142B643B85007F2E4E /* FirebaseMenager.swift */,
			);
			path = FireStore;
			sourceTree = "<group>";
		};
		8C4CBDBA2ABEFB03008C92D0 = {
			isa = PBXGroup;
			children = (
				8C4CBDC52ABEFB03008C92D0 /* fitapp */,
				8C4CBDD62ABEFB04008C92D0 /* fitappTests */,
				8C4CBDE02ABEFB04008C92D0 /* fitappUITests */,
				8C4CBDC42ABEFB03008C92D0 /* Products */,
			);
			sourceTree = "<group>";
		};
		8C4CBDC42ABEFB03008C92D0 /* Products */ = {
			isa = PBXGroup;
			children = (
				8C4CBDC32ABEFB03008C92D0 /* fitapp.app */,
				8C4CBDD32ABEFB04008C92D0 /* fitappTests.xctest */,
				8C4CBDDD2ABEFB04008C92D0 /* fitappUITests.xctest */,
			);
			name = Products;
			sourceTree = "<group>";
		};
		8C4CBDC52ABEFB03008C92D0 /* fitapp */ = {
			isa = PBXGroup;
			children = (
				8CA001282B07E0E200DBB614 /* other */,
				8CCE49802ADC811A00F51897 /* Services */,
				8CCE497F2ADC80FE00F51897 /* VViewModels */,
				8CCE497E2ADC80EA00F51897 /* Models */,
				8CCE497C2ADC80C300F51897 /* VIews */,
				8C1880112B643855007F2E4E /* FireStore */,
				8C4CBDC62ABEFB03008C92D0 /* fitappApp.swift */,
				8C4CBDCC2ABEFB04008C92D0 /* Preview Content */,
			);
			path = fitapp;
			sourceTree = "<group>";
		};
		8C4CBDCC2ABEFB04008C92D0 /* Preview Content */ = {
			isa = PBXGroup;
			children = (
				8C4CBDCD2ABEFB04008C92D0 /* Preview Assets.xcassets */,
			);
			path = "Preview Content";
			sourceTree = "<group>";
		};
		8C4CBDD62ABEFB04008C92D0 /* fitappTests */ = {
			isa = PBXGroup;
			children = (
				8C4CBDD72ABEFB04008C92D0 /* fitappTests.swift */,
			);
			path = fitappTests;
			sourceTree = "<group>";
		};
		8C4CBDE02ABEFB04008C92D0 /* fitappUITests */ = {
			isa = PBXGroup;
			children = (
				8C4CBDE12ABEFB04008C92D0 /* fitappUITests.swift */,
				8C4CBDE32ABEFB04008C92D0 /* fitappUITestsLaunchTests.swift */,
			);
			path = fitappUITests;
			sourceTree = "<group>";
		};
		8CA001282B07E0E200DBB614 /* other */ = {
			isa = PBXGroup;
			children = (
				8C4CBDCA2ABEFB04008C92D0 /* Assets.xcassets */,
				8C65FB4F2B014D450001AC2E /* GoogleService-Info.plist */,
				8C65FB512B014D4C0001AC2E /* strength+to+overcome+exercise+database+1.1.xlsx */,
				8CA001292B07E0EF00DBB614 /* Extensions.swift */,
			);
			path = other;
			sourceTree = "<group>";
		};
		8CCE497C2ADC80C300F51897 /* VIews */ = {
			isa = PBXGroup;
			children = (
				8CCE49872ADC82F300F51897 /* BmiCalculator.swift */,
				8CCE49892ADC831A00F51897 /* ExerciseListView.swift */,
				8CCE498E2ADC83FC00F51897 /* WorkoutsListView.swift */,
				8CCE49902ADC840D00F51897 /* MainView.swift */,
				8CFBCA962AE05DEF001AC6A2 /* SettingsView.swift */,
				8C0D39C72AFFF43800156654 /* WorkoutCard.swift */,
				8C65FB4D2B0141B00001AC2E /* LoginView.swift */,
				8CCADAE82B06D1F30019267B /* HeaderView.swift */,
				8CCADAEA2B06D5730019267B /* RegisterView.swift */,
				8CA0011E2B07CDE400DBB614 /* TLButton.swift */,
				8C86E8672B0FBA66006B8582 /* SummaryView.swift */,
				8CEE0AF42B45C3C00088EA9B /* WorkoutOverviewView.swift */,
				8C8F097C2B512A67003188FD /* OverviewView.swift */,
				8CEE0AF62B45C7A70088EA9B /* ExerciseInfromationView.swift */,
				8C1A77542B33529A00C92494 /* NewWorkoutView.swift */,
				8CEA99E12B4B3EF500821AD1 /* ExerciseFieldView.swift */,
				8CEA99E32B4B44E300821AD1 /* ExerciseFieldRepsKGView.swift */,
				8C3008FE2B4E157800512308 /* ExerciseViewWithoutButtonView.swift */,
			);
			path = VIews;
			sourceTree = "<group>";
		};
		8CCE497E2ADC80EA00F51897 /* Models */ = {
			isa = PBXGroup;
			children = (
				8CA001262B07DF1900DBB614 /* user.swift */,
				8C7B5E082B0E691A005C6C7F /* Exercise.swift */,
				8C1A77502B334EB500C92494 /* WorkoutInformation.swift */,
				8C4966F72B5EEADD00B18AC9 /* ExeModel.swift */,
				8C3E899B2B67F501008D920C /* Summary.swift */,
			);
			path = Models;
			sourceTree = "<group>";
		};
		8CCE497F2ADC80FE00F51897 /* VViewModels */ = {
			isa = PBXGroup;
			children = (
				8C52A9002ADF1EE0009271E0 /* WorkoutListViewViewModel.swift */,
				8C52A9042ADF1F1F009271E0 /* MainViewViewModel.swift */,
				8C52A9062ADF1F4C009271E0 /* BmiCalculatorViewModel.swift */,
				8CFBCA992AE05E03001AC6A2 /* ProfileViewModel.swift */,
				8CA001202B07D4FE00DBB614 /* LoginViewViewModel.swift */,
				8CA001242B07DBAA00DBB614 /* RegisterViewViewModel.swift */,
				8CB276372B32463000601B16 /* WorkoutCardViewViewModel.swift */,
				8C1A77582B3353E800C92494 /* NewWorkoutViewViewModel.swift */,
				8C52A9022ADF1F04009271E0 /* ExerciseListViewModel.swift */,
				8CBD79082B572D73004DDFD9 /* OverViewVIewModel.swift */,
				8C4966F52B5EEA1A00B18AC9 /* ExerciseFieldViewModel.swift */,
				8C18800F2B617B61007F2E4E /* SummarizingViewViewModel.swift */,
			);
			path = VViewModels;
			sourceTree = "<group>";
		};
		8CCE49802ADC811A00F51897 /* Services */ = {
			isa = PBXGroup;
			children = (
			);
			path = Services;
			sourceTree = "<group>";
		};
/* End PBXGroup section */

/* Begin PBXNativeTarget section */
		8C4CBDC22ABEFB03008C92D0 /* fitapp */ = {
			isa = PBXNativeTarget;
			buildConfigurationList = 8C4CBDE72ABEFB04008C92D0 /* Build configuration list for PBXNativeTarget "fitapp" */;
			buildPhases = (
				8C4CBDBF2ABEFB03008C92D0 /* Sources */,
				8C4CBDC02ABEFB03008C92D0 /* Frameworks */,
				8C4CBDC12ABEFB03008C92D0 /* Resources */,
			);
			buildRules = (
			);
			dependencies = (
			);
			name = fitapp;
			packageProductDependencies = (
				8C65FB532B014EC50001AC2E /* FirebaseAuth */,
				8C65FB552B014EC50001AC2E /* FirebaseFirestore */,
				8C65FB572B014EC50001AC2E /* FirebaseFirestoreSwift */,
			);
			productName = fitapp;
			productReference = 8C4CBDC32ABEFB03008C92D0 /* fitapp.app */;
			productType = "com.apple.product-type.application";
		};
		8C4CBDD22ABEFB04008C92D0 /* fitappTests */ = {
			isa = PBXNativeTarget;
			buildConfigurationList = 8C4CBDEA2ABEFB04008C92D0 /* Build configuration list for PBXNativeTarget "fitappTests" */;
			buildPhases = (
				8C4CBDCF2ABEFB04008C92D0 /* Sources */,
				8C4CBDD02ABEFB04008C92D0 /* Frameworks */,
				8C4CBDD12ABEFB04008C92D0 /* Resources */,
			);
			buildRules = (
			);
			dependencies = (
				8C4CBDD52ABEFB04008C92D0 /* PBXTargetDependency */,
			);
			name = fitappTests;
			productName = fitappTests;
			productReference = 8C4CBDD32ABEFB04008C92D0 /* fitappTests.xctest */;
			productType = "com.apple.product-type.bundle.unit-test";
		};
		8C4CBDDC2ABEFB04008C92D0 /* fitappUITests */ = {
			isa = PBXNativeTarget;
			buildConfigurationList = 8C4CBDED2ABEFB04008C92D0 /* Build configuration list for PBXNativeTarget "fitappUITests" */;
			buildPhases = (
				8C4CBDD92ABEFB04008C92D0 /* Sources */,
				8C4CBDDA2ABEFB04008C92D0 /* Frameworks */,
				8C4CBDDB2ABEFB04008C92D0 /* Resources */,
			);
			buildRules = (
			);
			dependencies = (
				8C4CBDDF2ABEFB04008C92D0 /* PBXTargetDependency */,
			);
			name = fitappUITests;
			productName = fitappUITests;
			productReference = 8C4CBDDD2ABEFB04008C92D0 /* fitappUITests.xctest */;
			productType = "com.apple.product-type.bundle.ui-testing";
		};
/* End PBXNativeTarget section */

/* Begin PBXProject section */
		8C4CBDBB2ABEFB03008C92D0 /* Project object */ = {
			isa = PBXProject;
			attributes = {
				BuildIndependentTargetsInParallel = 1;
				LastSwiftUpdateCheck = 1500;
				LastUpgradeCheck = 1500;
				TargetAttributes = {
					8C4CBDC22ABEFB03008C92D0 = {
						CreatedOnToolsVersion = 15.0;
					};
					8C4CBDD22ABEFB04008C92D0 = {
						CreatedOnToolsVersion = 15.0;
						TestTargetID = 8C4CBDC22ABEFB03008C92D0;
					};
					8C4CBDDC2ABEFB04008C92D0 = {
						CreatedOnToolsVersion = 15.0;
						TestTargetID = 8C4CBDC22ABEFB03008C92D0;
					};
				};
			};
			buildConfigurationList = 8C4CBDBE2ABEFB03008C92D0 /* Build configuration list for PBXProject "fitapp" */;
			compatibilityVersion = "Xcode 14.0";
			developmentRegion = en;
			hasScannedForEncodings = 0;
			knownRegions = (
				en,
				Base,
			);
			mainGroup = 8C4CBDBA2ABEFB03008C92D0;
			packageReferences = (
				8C65FB522B014EC50001AC2E /* XCRemoteSwiftPackageReference "firebase-ios-sdk" */,
			);
			productRefGroup = 8C4CBDC42ABEFB03008C92D0 /* Products */;
			projectDirPath = "";
			projectRoot = "";
			targets = (
				8C4CBDC22ABEFB03008C92D0 /* fitapp */,
				8C4CBDD22ABEFB04008C92D0 /* fitappTests */,
				8C4CBDDC2ABEFB04008C92D0 /* fitappUITests */,
			);
		};
/* End PBXProject section */

/* Begin PBXResourcesBuildPhase section */
		8C4CBDC12ABEFB03008C92D0 /* Resources */ = {
			isa = PBXResourcesBuildPhase;
			buildActionMask = 2147483647;
			files = (
				8C4CBDCE2ABEFB04008C92D0 /* Preview Assets.xcassets in Resources */,
				8C4CBDCB2ABEFB04008C92D0 /* Assets.xcassets in Resources */,
				8C65FB502B014D460001AC2E /* GoogleService-Info.plist in Resources */,
			);
			runOnlyForDeploymentPostprocessing = 0;
		};
		8C4CBDD12ABEFB04008C92D0 /* Resources */ = {
			isa = PBXResourcesBuildPhase;
			buildActionMask = 2147483647;
			files = (
			);
			runOnlyForDeploymentPostprocessing = 0;
		};
		8C4CBDDB2ABEFB04008C92D0 /* Resources */ = {
			isa = PBXResourcesBuildPhase;
			buildActionMask = 2147483647;
			files = (
			);
			runOnlyForDeploymentPostprocessing = 0;
		};
/* End PBXResourcesBuildPhase section */

/* Begin PBXSourcesBuildPhase section */
		8C4CBDBF2ABEFB03008C92D0 /* Sources */ = {
			isa = PBXSourcesBuildPhase;
			buildActionMask = 2147483647;
			files = (
				8CA0012A2B07E0EF00DBB614 /* Extensions.swift in Sources */,
				8CB276382B32463000601B16 /* WorkoutCardViewViewModel.swift in Sources */,
				8C0D39C82AFFF43800156654 /* WorkoutCard.swift in Sources */,
				8CEE0AF52B45C3C00088EA9B /* WorkoutOverviewView.swift in Sources */,
				8C52A9012ADF1EE1009271E0 /* WorkoutListViewViewModel.swift in Sources */,
				8C52A9072ADF1F4C009271E0 /* BmiCalculatorViewModel.swift in Sources */,
				8C65FB4E2B0141B00001AC2E /* LoginView.swift in Sources */,
				8C8F097D2B512A67003188FD /* OverviewView.swift in Sources */,
				8C86E8682B0FBA66006B8582 /* SummaryView.swift in Sources */,
				8C1A77512B334EB500C92494 /* WorkoutInformation.swift in Sources */,
				8CEA99E22B4B3EF500821AD1 /* ExerciseFieldView.swift in Sources */,
				8C52A9052ADF1F20009271E0 /* MainViewViewModel.swift in Sources */,
				8C52A9032ADF1F04009271E0 /* ExerciseListViewModel.swift in Sources */,
				8CBD79092B572D73004DDFD9 /* OverViewVIewModel.swift in Sources */,
				8CA0011F2B07CDE400DBB614 /* TLButton.swift in Sources */,
				8CCE49882ADC82F300F51897 /* BmiCalculator.swift in Sources */,
				8CCADAEB2B06D5730019267B /* RegisterView.swift in Sources */,
				8C1A77592B3353E800C92494 /* NewWorkoutViewViewModel.swift in Sources */,
				8C4966F82B5EEADD00B18AC9 /* ExeModel.swift in Sources */,
				8CCE49912ADC840D00F51897 /* MainView.swift in Sources */,
				8CFBCA972AE05DEF001AC6A2 /* SettingsView.swift in Sources */,
				8C1880102B617B61007F2E4E /* SummarizingViewViewModel.swift in Sources */,
				8C1A77552B33529A00C92494 /* NewWorkoutView.swift in Sources */,
				8CEA99E42B4B44E300821AD1 /* ExerciseFieldRepsKGView.swift in Sources */,
				8CFBCA9A2AE05E03001AC6A2 /* ProfileViewModel.swift in Sources */,
				8C3008FF2B4E157800512308 /* ExerciseViewWithoutButtonView.swift in Sources */,
				8C7B5E092B0E691A005C6C7F /* Exercise.swift in Sources */,
				8CCE498F2ADC83FC00F51897 /* WorkoutsListView.swift in Sources */,
				8CA001212B07D4FE00DBB614 /* LoginViewViewModel.swift in Sources */,
				8C4CBDC72ABEFB03008C92D0 /* fitappApp.swift in Sources */,
				8C1880152B643B85007F2E4E /* FirebaseMenager.swift in Sources */,
				8CEE0AF72B45C7A70088EA9B /* ExerciseInfromationView.swift in Sources */,
				8CCE498A2ADC831A00F51897 /* ExerciseListView.swift in Sources */,
				8CCADAE92B06D1F30019267B /* HeaderView.swift in Sources */,
				8C3E899C2B67F501008D920C /* Summary.swift in Sources */,
				8CA001272B07DF1900DBB614 /* user.swift in Sources */,
				8CA001252B07DBAA00DBB614 /* RegisterViewViewModel.swift in Sources */,
				8C4966F62B5EEA1A00B18AC9 /* ExerciseFieldViewModel.swift in Sources */,
			);
			runOnlyForDeploymentPostprocessing = 0;
		};
		8C4CBDCF2ABEFB04008C92D0 /* Sources */ = {
			isa = PBXSourcesBuildPhase;
			buildActionMask = 2147483647;
			files = (
				8C4CBDD82ABEFB04008C92D0 /* fitappTests.swift in Sources */,
			);
			runOnlyForDeploymentPostprocessing = 0;
		};
		8C4CBDD92ABEFB04008C92D0 /* Sources */ = {
			isa = PBXSourcesBuildPhase;
			buildActionMask = 2147483647;
			files = (
				8C4CBDE42ABEFB04008C92D0 /* fitappUITestsLaunchTests.swift in Sources */,
				8C4CBDE22ABEFB04008C92D0 /* fitappUITests.swift in Sources */,
			);
			runOnlyForDeploymentPostprocessing = 0;
		};
/* End PBXSourcesBuildPhase section */

/* Begin PBXTargetDependency section */
		8C4CBDD52ABEFB04008C92D0 /* PBXTargetDependency */ = {
			isa = PBXTargetDependency;
			target = 8C4CBDC22ABEFB03008C92D0 /* fitapp */;
			targetProxy = 8C4CBDD42ABEFB04008C92D0 /* PBXContainerItemProxy */;
		};
		8C4CBDDF2ABEFB04008C92D0 /* PBXTargetDependency */ = {
			isa = PBXTargetDependency;
			target = 8C4CBDC22ABEFB03008C92D0 /* fitapp */;
			targetProxy = 8C4CBDDE2ABEFB04008C92D0 /* PBXContainerItemProxy */;
		};
/* End PBXTargetDependency section */

/* Begin XCBuildConfiguration section */
		8C4CBDE52ABEFB04008C92D0 /* Debug */ = {
			isa = XCBuildConfiguration;
			buildSettings = {
				ALWAYS_SEARCH_USER_PATHS = NO;
				ASSETCATALOG_COMPILER_GENERATE_SWIFT_ASSET_SYMBOL_EXTENSIONS = YES;
				CLANG_ANALYZER_NONNULL = YES;
				CLANG_ANALYZER_NUMBER_OBJECT_CONVERSION = YES_AGGRESSIVE;
				CLANG_CXX_LANGUAGE_STANDARD = "gnu++20";
				CLANG_ENABLE_MODULES = YES;
				CLANG_ENABLE_OBJC_ARC = YES;
				CLANG_ENABLE_OBJC_WEAK = YES;
				CLANG_WARN_BLOCK_CAPTURE_AUTORELEASING = YES;
				CLANG_WARN_BOOL_CONVERSION = YES;
				CLANG_WARN_COMMA = YES;
				CLANG_WARN_CONSTANT_CONVERSION = YES;
				CLANG_WARN_DEPRECATED_OBJC_IMPLEMENTATIONS = YES;
				CLANG_WARN_DIRECT_OBJC_ISA_USAGE = YES_ERROR;
				CLANG_WARN_DOCUMENTATION_COMMENTS = YES;
				CLANG_WARN_EMPTY_BODY = YES;
				CLANG_WARN_ENUM_CONVERSION = YES;
				CLANG_WARN_INFINITE_RECURSION = YES;
				CLANG_WARN_INT_CONVERSION = YES;
				CLANG_WARN_NON_LITERAL_NULL_CONVERSION = YES;
				CLANG_WARN_OBJC_IMPLICIT_RETAIN_SELF = YES;
				CLANG_WARN_OBJC_LITERAL_CONVERSION = YES;
				CLANG_WARN_OBJC_ROOT_CLASS = YES_ERROR;
				CLANG_WARN_QUOTED_INCLUDE_IN_FRAMEWORK_HEADER = YES;
				CLANG_WARN_RANGE_LOOP_ANALYSIS = YES;
				CLANG_WARN_STRICT_PROTOTYPES = YES;
				CLANG_WARN_SUSPICIOUS_MOVE = YES;
				CLANG_WARN_UNGUARDED_AVAILABILITY = YES_AGGRESSIVE;
				CLANG_WARN_UNREACHABLE_CODE = YES;
				CLANG_WARN__DUPLICATE_METHOD_MATCH = YES;
				COPY_PHASE_STRIP = NO;
				DEBUG_INFORMATION_FORMAT = dwarf;
				ENABLE_STRICT_OBJC_MSGSEND = YES;
				ENABLE_TESTABILITY = YES;
				ENABLE_USER_SCRIPT_SANDBOXING = YES;
				GCC_C_LANGUAGE_STANDARD = gnu17;
				GCC_DYNAMIC_NO_PIC = NO;
				GCC_NO_COMMON_BLOCKS = YES;
				GCC_OPTIMIZATION_LEVEL = 0;
				GCC_PREPROCESSOR_DEFINITIONS = (
					"DEBUG=1",
					"$(inherited)",
				);
				GCC_WARN_64_TO_32_BIT_CONVERSION = YES;
				GCC_WARN_ABOUT_RETURN_TYPE = YES_ERROR;
				GCC_WARN_UNDECLARED_SELECTOR = YES;
				GCC_WARN_UNINITIALIZED_AUTOS = YES_AGGRESSIVE;
				GCC_WARN_UNUSED_FUNCTION = YES;
				GCC_WARN_UNUSED_VARIABLE = YES;
				IPHONEOS_DEPLOYMENT_TARGET = 17.0;
				LOCALIZATION_PREFERS_STRING_CATALOGS = YES;
				MTL_ENABLE_DEBUG_INFO = INCLUDE_SOURCE;
				MTL_FAST_MATH = YES;
				ONLY_ACTIVE_ARCH = YES;
				SDKROOT = iphoneos;
				SWIFT_ACTIVE_COMPILATION_CONDITIONS = "DEBUG $(inherited)";
				SWIFT_OPTIMIZATION_LEVEL = "-Onone";
			};
			name = Debug;
		};
		8C4CBDE62ABEFB04008C92D0 /* Release */ = {
			isa = XCBuildConfiguration;
			buildSettings = {
				ALWAYS_SEARCH_USER_PATHS = NO;
				ASSETCATALOG_COMPILER_GENERATE_SWIFT_ASSET_SYMBOL_EXTENSIONS = YES;
				CLANG_ANALYZER_NONNULL = YES;
				CLANG_ANALYZER_NUMBER_OBJECT_CONVERSION = YES_AGGRESSIVE;
				CLANG_CXX_LANGUAGE_STANDARD = "gnu++20";
				CLANG_ENABLE_MODULES = YES;
				CLANG_ENABLE_OBJC_ARC = YES;
				CLANG_ENABLE_OBJC_WEAK = YES;
				CLANG_WARN_BLOCK_CAPTURE_AUTORELEASING = YES;
				CLANG_WARN_BOOL_CONVERSION = YES;
				CLANG_WARN_COMMA = YES;
				CLANG_WARN_CONSTANT_CONVERSION = YES;
				CLANG_WARN_DEPRECATED_OBJC_IMPLEMENTATIONS = YES;
				CLANG_WARN_DIRECT_OBJC_ISA_USAGE = YES_ERROR;
				CLANG_WARN_DOCUMENTATION_COMMENTS = YES;
				CLANG_WARN_EMPTY_BODY = YES;
				CLANG_WARN_ENUM_CONVERSION = YES;
				CLANG_WARN_INFINITE_RECURSION = YES;
				CLANG_WARN_INT_CONVERSION = YES;
				CLANG_WARN_NON_LITERAL_NULL_CONVERSION = YES;
				CLANG_WARN_OBJC_IMPLICIT_RETAIN_SELF = YES;
				CLANG_WARN_OBJC_LITERAL_CONVERSION = YES;
				CLANG_WARN_OBJC_ROOT_CLASS = YES_ERROR;
				CLANG_WARN_QUOTED_INCLUDE_IN_FRAMEWORK_HEADER = YES;
				CLANG_WARN_RANGE_LOOP_ANALYSIS = YES;
				CLANG_WARN_STRICT_PROTOTYPES = YES;
				CLANG_WARN_SUSPICIOUS_MOVE = YES;
				CLANG_WARN_UNGUARDED_AVAILABILITY = YES_AGGRESSIVE;
				CLANG_WARN_UNREACHABLE_CODE = YES;
				CLANG_WARN__DUPLICATE_METHOD_MATCH = YES;
				COPY_PHASE_STRIP = NO;
				DEBUG_INFORMATION_FORMAT = "dwarf-with-dsym";
				ENABLE_NS_ASSERTIONS = NO;
				ENABLE_STRICT_OBJC_MSGSEND = YES;
				ENABLE_USER_SCRIPT_SANDBOXING = YES;
				GCC_C_LANGUAGE_STANDARD = gnu17;
				GCC_NO_COMMON_BLOCKS = YES;
				GCC_WARN_64_TO_32_BIT_CONVERSION = YES;
				GCC_WARN_ABOUT_RETURN_TYPE = YES_ERROR;
				GCC_WARN_UNDECLARED_SELECTOR = YES;
				GCC_WARN_UNINITIALIZED_AUTOS = YES_AGGRESSIVE;
				GCC_WARN_UNUSED_FUNCTION = YES;
				GCC_WARN_UNUSED_VARIABLE = YES;
				IPHONEOS_DEPLOYMENT_TARGET = 17.0;
				LOCALIZATION_PREFERS_STRING_CATALOGS = YES;
				MTL_ENABLE_DEBUG_INFO = NO;
				MTL_FAST_MATH = YES;
				SDKROOT = iphoneos;
				SWIFT_COMPILATION_MODE = wholemodule;
				VALIDATE_PRODUCT = YES;
			};
			name = Release;
		};
		8C4CBDE82ABEFB04008C92D0 /* Debug */ = {
			isa = XCBuildConfiguration;
			buildSettings = {
				ASSETCATALOG_COMPILER_APPICON_NAME = AppIcon;
				ASSETCATALOG_COMPILER_GLOBAL_ACCENT_COLOR_NAME = AccentColor;
				CODE_SIGN_IDENTITY = "Apple Development";
				CODE_SIGN_STYLE = Automatic;
				CURRENT_PROJECT_VERSION = 1;
				DEVELOPMENT_ASSET_PATHS = "\"fitapp/Preview Content\"";
				DEVELOPMENT_TEAM = VD8LHATNA3;
				ENABLE_PREVIEWS = YES;
				GENERATE_INFOPLIST_FILE = YES;
				INFOPLIST_KEY_UIApplicationSceneManifest_Generation = YES;
				INFOPLIST_KEY_UIApplicationSupportsIndirectInputEvents = YES;
				INFOPLIST_KEY_UILaunchScreen_Generation = YES;
				INFOPLIST_KEY_UISupportedInterfaceOrientations = UIInterfaceOrientationPortrait;
				LD_RUNPATH_SEARCH_PATHS = (
					"$(inherited)",
					"@executable_path/Frameworks",
				);
				MARKETING_VERSION = 1.0;
				PRODUCT_BUNDLE_IDENTIFIER = workout.engineer.project.app;
				PRODUCT_NAME = "$(TARGET_NAME)";
				PROVISIONING_PROFILE_SPECIFIER = "";
				SWIFT_EMIT_LOC_STRINGS = YES;
				SWIFT_VERSION = 5.0;
				TARGETED_DEVICE_FAMILY = "1,2";
			};
			name = Debug;
		};
		8C4CBDE92ABEFB04008C92D0 /* Release */ = {
			isa = XCBuildConfiguration;
			buildSettings = {
				ASSETCATALOG_COMPILER_APPICON_NAME = AppIcon;
				ASSETCATALOG_COMPILER_GLOBAL_ACCENT_COLOR_NAME = AccentColor;
				CODE_SIGN_IDENTITY = "Apple Development";
				CODE_SIGN_STYLE = Automatic;
				CURRENT_PROJECT_VERSION = 1;
				DEVELOPMENT_ASSET_PATHS = "\"fitapp/Preview Content\"";
				DEVELOPMENT_TEAM = VD8LHATNA3;
				ENABLE_PREVIEWS = YES;
				GENERATE_INFOPLIST_FILE = YES;
				INFOPLIST_KEY_UIApplicationSceneManifest_Generation = YES;
				INFOPLIST_KEY_UIApplicationSupportsIndirectInputEvents = YES;
				INFOPLIST_KEY_UILaunchScreen_Generation = YES;
				INFOPLIST_KEY_UISupportedInterfaceOrientations = UIInterfaceOrientationPortrait;
				LD_RUNPATH_SEARCH_PATHS = (
					"$(inherited)",
					"@executable_path/Frameworks",
				);
				MARKETING_VERSION = 1.0;
				PRODUCT_BUNDLE_IDENTIFIER = workout.engineer.project.app;
				PRODUCT_NAME = "$(TARGET_NAME)";
				PROVISIONING_PROFILE_SPECIFIER = "";
				SWIFT_EMIT_LOC_STRINGS = YES;
				SWIFT_VERSION = 5.0;
				TARGETED_DEVICE_FAMILY = "1,2";
			};
			name = Release;
		};
		8C4CBDEB2ABEFB04008C92D0 /* Debug */ = {
			isa = XCBuildConfiguration;
			buildSettings = {
				ALWAYS_EMBED_SWIFT_STANDARD_LIBRARIES = YES;
				BUNDLE_LOADER = "$(TEST_HOST)";
				CODE_SIGN_STYLE = Automatic;
				CURRENT_PROJECT_VERSION = 1;
				GENERATE_INFOPLIST_FILE = YES;
				IPHONEOS_DEPLOYMENT_TARGET = 17.0;
				MARKETING_VERSION = 1.0;
				PRODUCT_BUNDLE_IDENTIFIER = jo.fitappTests;
				PRODUCT_NAME = "$(TARGET_NAME)";
				SWIFT_EMIT_LOC_STRINGS = NO;
				SWIFT_VERSION = 5.0;
				TARGETED_DEVICE_FAMILY = "1,2";
				TEST_HOST = "$(BUILT_PRODUCTS_DIR)/fitapp.app/$(BUNDLE_EXECUTABLE_FOLDER_PATH)/fitapp";
			};
			name = Debug;
		};
		8C4CBDEC2ABEFB04008C92D0 /* Release */ = {
			isa = XCBuildConfiguration;
			buildSettings = {
				ALWAYS_EMBED_SWIFT_STANDARD_LIBRARIES = YES;
				BUNDLE_LOADER = "$(TEST_HOST)";
				CODE_SIGN_STYLE = Automatic;
				CURRENT_PROJECT_VERSION = 1;
				GENERATE_INFOPLIST_FILE = YES;
				IPHONEOS_DEPLOYMENT_TARGET = 17.0;
				MARKETING_VERSION = 1.0;
				PRODUCT_BUNDLE_IDENTIFIER = jo.fitappTests;
				PRODUCT_NAME = "$(TARGET_NAME)";
				SWIFT_EMIT_LOC_STRINGS = NO;
				SWIFT_VERSION = 5.0;
				TARGETED_DEVICE_FAMILY = "1,2";
				TEST_HOST = "$(BUILT_PRODUCTS_DIR)/fitapp.app/$(BUNDLE_EXECUTABLE_FOLDER_PATH)/fitapp";
			};
			name = Release;
		};
		8C4CBDEE2ABEFB04008C92D0 /* Debug */ = {
			isa = XCBuildConfiguration;
			buildSettings = {
				ALWAYS_EMBED_SWIFT_STANDARD_LIBRARIES = YES;
				CODE_SIGN_STYLE = Automatic;
				CURRENT_PROJECT_VERSION = 1;
				GENERATE_INFOPLIST_FILE = YES;
				MARKETING_VERSION = 1.0;
				PRODUCT_BUNDLE_IDENTIFIER = jo.fitappUITests;
				PRODUCT_NAME = "$(TARGET_NAME)";
				SWIFT_EMIT_LOC_STRINGS = NO;
				SWIFT_VERSION = 5.0;
				TARGETED_DEVICE_FAMILY = "1,2";
				TEST_TARGET_NAME = fitapp;
			};
			name = Debug;
		};
		8C4CBDEF2ABEFB04008C92D0 /* Release */ = {
			isa = XCBuildConfiguration;
			buildSettings = {
				ALWAYS_EMBED_SWIFT_STANDARD_LIBRARIES = YES;
				CODE_SIGN_STYLE = Automatic;
				CURRENT_PROJECT_VERSION = 1;
				GENERATE_INFOPLIST_FILE = YES;
				MARKETING_VERSION = 1.0;
				PRODUCT_BUNDLE_IDENTIFIER = jo.fitappUITests;
				PRODUCT_NAME = "$(TARGET_NAME)";
				SWIFT_EMIT_LOC_STRINGS = NO;
				SWIFT_VERSION = 5.0;
				TARGETED_DEVICE_FAMILY = "1,2";
				TEST_TARGET_NAME = fitapp;
			};
			name = Release;
		};
/* End XCBuildConfiguration section */

/* Begin XCConfigurationList section */
		8C4CBDBE2ABEFB03008C92D0 /* Build configuration list for PBXProject "fitapp" */ = {
			isa = XCConfigurationList;
			buildConfigurations = (
				8C4CBDE52ABEFB04008C92D0 /* Debug */,
				8C4CBDE62ABEFB04008C92D0 /* Release */,
			);
			defaultConfigurationIsVisible = 0;
			defaultConfigurationName = Release;
		};
		8C4CBDE72ABEFB04008C92D0 /* Build configuration list for PBXNativeTarget "fitapp" */ = {
			isa = XCConfigurationList;
			buildConfigurations = (
				8C4CBDE82ABEFB04008C92D0 /* Debug */,
				8C4CBDE92ABEFB04008C92D0 /* Release */,
			);
			defaultConfigurationIsVisible = 0;
			defaultConfigurationName = Release;
		};
		8C4CBDEA2ABEFB04008C92D0 /* Build configuration list for PBXNativeTarget "fitappTests" */ = {
			isa = XCConfigurationList;
			buildConfigurations = (
				8C4CBDEB2ABEFB04008C92D0 /* Debug */,
				8C4CBDEC2ABEFB04008C92D0 /* Release */,
			);
			defaultConfigurationIsVisible = 0;
			defaultConfigurationName = Release;
		};
		8C4CBDED2ABEFB04008C92D0 /* Build configuration list for PBXNativeTarget "fitappUITests" */ = {
			isa = XCConfigurationList;
			buildConfigurations = (
				8C4CBDEE2ABEFB04008C92D0 /* Debug */,
				8C4CBDEF2ABEFB04008C92D0 /* Release */,
			);
			defaultConfigurationIsVisible = 0;
			defaultConfigurationName = Release;
		};
/* End XCConfigurationList section */

/* Begin XCRemoteSwiftPackageReference section */
		8C65FB522B014EC50001AC2E /* XCRemoteSwiftPackageReference "firebase-ios-sdk" */ = {
			isa = XCRemoteSwiftPackageReference;
			repositoryURL = "https://github.com/firebase/firebase-ios-sdk";
			requirement = {
				kind = upToNextMajorVersion;
				minimumVersion = 10.17.0;
			};
		};
/* End XCRemoteSwiftPackageReference section */

/* Begin XCSwiftPackageProductDependency section */
		8C65FB532B014EC50001AC2E /* FirebaseAuth */ = {
			isa = XCSwiftPackageProductDependency;
			package = 8C65FB522B014EC50001AC2E /* XCRemoteSwiftPackageReference "firebase-ios-sdk" */;
			productName = FirebaseAuth;
		};
		8C65FB552B014EC50001AC2E /* FirebaseFirestore */ = {
			isa = XCSwiftPackageProductDependency;
			package = 8C65FB522B014EC50001AC2E /* XCRemoteSwiftPackageReference "firebase-ios-sdk" */;
			productName = FirebaseFirestore;
		};
		8C65FB572B014EC50001AC2E /* FirebaseFirestoreSwift */ = {
			isa = XCSwiftPackageProductDependency;
			package = 8C65FB522B014EC50001AC2E /* XCRemoteSwiftPackageReference "firebase-ios-sdk" */;
			productName = FirebaseFirestoreSwift;
		};
/* End XCSwiftPackageProductDependency section */
	};
	rootObject = 8C4CBDBB2ABEFB03008C92D0 /* Project object */;
}
